// !$*UTF8*$!
{
	archiveVersion = 1;
	classes = {
	};
	objectVersion = 50;
	objects = {

/* Begin PBXBuildFile section */
		4C66752F25C073FE00B68C0C /* AppDelegate.m in Sources */ = {isa = PBXBuildFile; fileRef = 4C66752E25C073FE00B68C0C /* AppDelegate.m */; };
		4C66753525C073FE00B68C0C /* ViewController.m in Sources */ = {isa = PBXBuildFile; fileRef = 4C66753425C073FE00B68C0C /* ViewController.m */; };
		4C66753825C073FE00B68C0C /* Main.storyboard in Resources */ = {isa = PBXBuildFile; fileRef = 4C66753625C073FE00B68C0C /* Main.storyboard */; };
		4C66753A25C0740000B68C0C /* Assets.xcassets in Resources */ = {isa = PBXBuildFile; fileRef = 4C66753925C0740000B68C0C /* Assets.xcassets */; };
		4C66753D25C0740000B68C0C /* LaunchScreen.storyboard in Resources */ = {isa = PBXBuildFile; fileRef = 4C66753B25C0740000B68C0C /* LaunchScreen.storyboard */; };
		4C66754025C0740000B68C0C /* main.m in Sources */ = {isa = PBXBuildFile; fileRef = 4C66753F25C0740000B68C0C /* main.m */; };
		4C66754A25C0766C00B68C0C /* libxml2.tbd in Frameworks */ = {isa = PBXBuildFile; fileRef = 4C66754925C0766C00B68C0C /* libxml2.tbd */; };
		4C66755025C0779400B68C0C /* HTMLParser.m in Sources */ = {isa = PBXBuildFile; fileRef = 4C66754C25C0779300B68C0C /* HTMLParser.m */; };
		4C66755125C0779400B68C0C /* HTMLNode.m in Sources */ = {isa = PBXBuildFile; fileRef = 4C66754F25C0779300B68C0C /* HTMLNode.m */; };
		4C66755325C0992F00B68C0C /* WebKit.framework in Frameworks */ = {isa = PBXBuildFile; fileRef = 4C66755225C0992F00B68C0C /* WebKit.framework */; };
/* End PBXBuildFile section */

/* Begin PBXFileReference section */
		4C66752A25C073FE00B68C0C /* SourCloud.app */ = {isa = PBXFileReference; explicitFileType = wrapper.application; includeInIndex = 0; path = SourCloud.app; sourceTree = BUILT_PRODUCTS_DIR; };
		4C66752D25C073FE00B68C0C /* AppDelegate.h */ = {isa = PBXFileReference; lastKnownFileType = sourcecode.c.h; path = AppDelegate.h; sourceTree = "<group>"; };
		4C66752E25C073FE00B68C0C /* AppDelegate.m */ = {isa = PBXFileReference; lastKnownFileType = sourcecode.c.objc; path = AppDelegate.m; sourceTree = "<group>"; };
		4C66753325C073FE00B68C0C /* ViewController.h */ = {isa = PBXFileReference; lastKnownFileType = sourcecode.c.h; path = ViewController.h; sourceTree = "<group>"; };
		4C66753425C073FE00B68C0C /* ViewController.m */ = {isa = PBXFileReference; lastKnownFileType = sourcecode.c.objc; path = ViewController.m; sourceTree = "<group>"; };
		4C66753725C073FE00B68C0C /* Base */ = {isa = PBXFileReference; lastKnownFileType = file.storyboard; name = Base; path = Base.lproj/Main.storyboard; sourceTree = "<group>"; };
		4C66753925C0740000B68C0C /* Assets.xcassets */ = {isa = PBXFileReference; lastKnownFileType = folder.assetcatalog; path = Assets.xcassets; sourceTree = "<group>"; };
		4C66753C25C0740000B68C0C /* Base */ = {isa = PBXFileReference; lastKnownFileType = file.storyboard; name = Base; path = Base.lproj/LaunchScreen.storyboard; sourceTree = "<group>"; };
		4C66753E25C0740000B68C0C /* Info.plist */ = {isa = PBXFileReference; lastKnownFileType = text.plist.xml; path = Info.plist; sourceTree = "<group>"; };
		4C66753F25C0740000B68C0C /* main.m */ = {isa = PBXFileReference; lastKnownFileType = sourcecode.c.objc; path = main.m; sourceTree = "<group>"; };
		4C66754925C0766C00B68C0C /* libxml2.tbd */ = {isa = PBXFileReference; lastKnownFileType = "sourcecode.text-based-dylib-definition"; name = libxml2.tbd; path = usr/lib/libxml2.tbd; sourceTree = SDKROOT; };
		4C66754C25C0779300B68C0C /* HTMLParser.m */ = {isa = PBXFileReference; fileEncoding = 4; lastKnownFileType = sourcecode.c.objc; path = HTMLParser.m; sourceTree = "<group>"; };
		4C66754D25C0779300B68C0C /* HTMLNode.h */ = {isa = PBXFileReference; fileEncoding = 4; lastKnownFileType = sourcecode.c.h; path = HTMLNode.h; sourceTree = "<group>"; };
		4C66754E25C0779300B68C0C /* HTMLParser.h */ = {isa = PBXFileReference; fileEncoding = 4; lastKnownFileType = sourcecode.c.h; path = HTMLParser.h; sourceTree = "<group>"; };
		4C66754F25C0779300B68C0C /* HTMLNode.m */ = {isa = PBXFileReference; fileEncoding = 4; lastKnownFileType = sourcecode.c.objc; path = HTMLNode.m; sourceTree = "<group>"; };
		4C66755225C0992F00B68C0C /* WebKit.framework */ = {isa = PBXFileReference; lastKnownFileType = wrapper.framework; name = WebKit.framework; path = System/Library/Frameworks/WebKit.framework; sourceTree = SDKROOT; };
/* End PBXFileReference section */

/* Begin PBXFrameworksBuildPhase section */
		4C66752725C073FE00B68C0C /* Frameworks */ = {
			isa = PBXFrameworksBuildPhase;
			buildActionMask = 2147483647;
			files = (
				4C66755325C0992F00B68C0C /* WebKit.framework in Frameworks */,
				4C66754A25C0766C00B68C0C /* libxml2.tbd in Frameworks */,
			);
			runOnlyForDeploymentPostprocessing = 0;
		};
/* End PBXFrameworksBuildPhase section */

/* Begin PBXGroup section */
		4C66752125C073FE00B68C0C = {
			isa = PBXGroup;
			children = (
				4C66752C25C073FE00B68C0C /* SourCloud */,
				4C66754B25C0779300B68C0C /* HTMLParser */,
				4C66752B25C073FE00B68C0C /* Products */,
				4C66754825C0766C00B68C0C /* Frameworks */,
			);
			sourceTree = "<group>";
		};
		4C66752B25C073FE00B68C0C /* Products */ = {
			isa = PBXGroup;
			children = (
				4C66752A25C073FE00B68C0C /* SourCloud.app */,
			);
			name = Products;
			sourceTree = "<group>";
		};
		4C66752C25C073FE00B68C0C /* SourCloud */ = {
			isa = PBXGroup;
			children = (
				4C66752D25C073FE00B68C0C /* AppDelegate.h */,
				4C66752E25C073FE00B68C0C /* AppDelegate.m */,
				4C66753325C073FE00B68C0C /* ViewController.h */,
				4C66753425C073FE00B68C0C /* ViewController.m */,
				4C66753625C073FE00B68C0C /* Main.storyboard */,
				4C66753925C0740000B68C0C /* Assets.xcassets */,
				4C66753B25C0740000B68C0C /* LaunchScreen.storyboard */,
				4C66753E25C0740000B68C0C /* Info.plist */,
				4C66753F25C0740000B68C0C /* main.m */,
			);
			path = SourCloud;
			sourceTree = "<group>";
		};
		4C66754825C0766C00B68C0C /* Frameworks */ = {
			isa = PBXGroup;
			children = (
				4C66755225C0992F00B68C0C /* WebKit.framework */,
				4C66754925C0766C00B68C0C /* libxml2.tbd */,
			);
			name = Frameworks;
			sourceTree = "<group>";
		};
		4C66754B25C0779300B68C0C /* HTMLParser */ = {
			isa = PBXGroup;
			children = (
				4C66754D25C0779300B68C0C /* HTMLNode.h */,
				4C66754F25C0779300B68C0C /* HTMLNode.m */,
				4C66754E25C0779300B68C0C /* HTMLParser.h */,
				4C66754C25C0779300B68C0C /* HTMLParser.m */,
			);
			path = HTMLParser;
			sourceTree = "<group>";
		};
/* End PBXGroup section */

/* Begin PBXNativeTarget section */
		4C66752925C073FE00B68C0C /* SourCloud */ = {
			isa = PBXNativeTarget;
			buildConfigurationList = 4C66754325C0740000B68C0C /* Build configuration list for PBXNativeTarget "SourCloud" */;
			buildPhases = (
				4C66752625C073FE00B68C0C /* Sources */,
				4C66752725C073FE00B68C0C /* Frameworks */,
				4C66752825C073FE00B68C0C /* Resources */,
			);
			buildRules = (
			);
			dependencies = (
			);
			name = SourCloud;
			productName = SourCloud;
			productReference = 4C66752A25C073FE00B68C0C /* SourCloud.app */;
			productType = "com.apple.product-type.application";
		};
/* End PBXNativeTarget section */

/* Begin PBXProject section */
		4C66752225C073FE00B68C0C /* Project object */ = {
			isa = PBXProject;
			attributes = {
				LastUpgradeCheck = 1130;
				ORGANIZATIONNAME = Barry;
				TargetAttributes = {
					4C66752925C073FE00B68C0C = {
						CreatedOnToolsVersion = 11.3.1;
					};
				};
			};
			buildConfigurationList = 4C66752525C073FE00B68C0C /* Build configuration list for PBXProject "SourCloud" */;
			compatibilityVersion = "Xcode 9.3";
			developmentRegion = en;
			hasScannedForEncodings = 0;
			knownRegions = (
				en,
				Base,
			);
			mainGroup = 4C66752125C073FE00B68C0C;
			productRefGroup = 4C66752B25C073FE00B68C0C /* Products */;
			projectDirPath = "";
			projectRoot = "";
			targets = (
				4C66752925C073FE00B68C0C /* SourCloud */,
			);
		};
/* End PBXProject section */

/* Begin PBXResourcesBuildPhase section */
		4C66752825C073FE00B68C0C /* Resources */ = {
			isa = PBXResourcesBuildPhase;
			buildActionMask = 2147483647;
			files = (
				4C66753D25C0740000B68C0C /* LaunchScreen.storyboard in Resources */,
				4C66753A25C0740000B68C0C /* Assets.xcassets in Resources */,
				4C66753825C073FE00B68C0C /* Main.storyboard in Resources */,
			);
			runOnlyForDeploymentPostprocessing = 0;
		};
/* End PBXResourcesBuildPhase section */

/* Begin PBXSourcesBuildPhase section */
		4C66752625C073FE00B68C0C /* Sources */ = {
			isa = PBXSourcesBuildPhase;
			buildActionMask = 2147483647;
			files = (
				4C66755125C0779400B68C0C /* HTMLNode.m in Sources */,
				4C66753525C073FE00B68C0C /* ViewController.m in Sources */,
				4C66755025C0779400B68C0C /* HTMLParser.m in Sources */,
				4C66752F25C073FE00B68C0C /* AppDelegate.m in Sources */,
				4C66754025C0740000B68C0C /* main.m in Sources */,
			);
			runOnlyForDeploymentPostprocessing = 0;
		};
/* End PBXSourcesBuildPhase section */

/* Begin PBXVariantGroup section */
		4C66753625C073FE00B68C0C /* Main.storyboard */ = {
			isa = PBXVariantGroup;
			children = (
				4C66753725C073FE00B68C0C /* Base */,
			);
			name = Main.storyboard;
			sourceTree = "<group>";
		};
		4C66753B25C0740000B68C0C /* LaunchScreen.storyboard */ = {
			isa = PBXVariantGroup;
			children = (
				4C66753C25C0740000B68C0C /* Base */,
			);
			name = LaunchScreen.storyboard;
			sourceTree = "<group>";
		};
/* End PBXVariantGroup section */

/* Begin XCBuildConfiguration section */
		4C66754125C0740000B68C0C /* Debug */ = {
			isa = XCBuildConfiguration;
			buildSettings = {
				ALWAYS_SEARCH_USER_PATHS = NO;
				CLANG_ANALYZER_NONNULL = YES;
				CLANG_ANALYZER_NUMBER_OBJECT_CONVERSION = YES_AGGRESSIVE;
				CLANG_CXX_LANGUAGE_STANDARD = "gnu++14";
				CLANG_CXX_LIBRARY = "libc++";
				CLANG_ENABLE_MODULES = YES;
				CLANG_ENABLE_OBJC_ARC = YES;
				CLANG_ENABLE_OBJC_WEAK = YES;
				CLANG_WARN_BLOCK_CAPTURE_AUTORELEASING = YES;
				CLANG_WARN_BOOL_CONVERSION = YES;
				CLANG_WARN_COMMA = YES;
				CLANG_WARN_CONSTANT_CONVERSION = YES;
				CLANG_WARN_DEPRECATED_OBJC_IMPLEMENTATIONS = YES;
				CLANG_WARN_DIRECT_OBJC_ISA_USAGE = YES_ERROR;
				CLANG_WARN_DOCUMENTATION_COMMENTS = YES;
				CLANG_WARN_EMPTY_BODY = YES;
				CLANG_WARN_ENUM_CONVERSION = YES;
				CLANG_WARN_INFINITE_RECURSION = YES;
				CLANG_WARN_INT_CONVERSION = YES;
				CLANG_WARN_NON_LITERAL_NULL_CONVERSION = YES;
				CLANG_WARN_OBJC_IMPLICIT_RETAIN_SELF = YES;
				CLANG_WARN_OBJC_LITERAL_CONVERSION = YES;
				CLANG_WARN_OBJC_ROOT_CLASS = YES_ERROR;
				CLANG_WARN_RANGE_LOOP_ANALYSIS = YES;
				CLANG_WARN_STRICT_PROTOTYPES = YES;
				CLANG_WARN_SUSPICIOUS_MOVE = YES;
				CLANG_WARN_UNGUARDED_AVAILABILITY = YES_AGGRESSIVE;
				CLANG_WARN_UNREACHABLE_CODE = YES;
				CLANG_WARN__DUPLICATE_METHOD_MATCH = YES;
				COPY_PHASE_STRIP = NO;
				DEBUG_INFORMATION_FORMAT = dwarf;
				ENABLE_STRICT_OBJC_MSGSEND = YES;
				ENABLE_TESTABILITY = YES;
				GCC_C_LANGUAGE_STANDARD = gnu11;
				GCC_DYNAMIC_NO_PIC = NO;
				GCC_NO_COMMON_BLOCKS = YES;
				GCC_OPTIMIZATION_LEVEL = 0;
				GCC_PREPROCESSOR_DEFINITIONS = (
					"DEBUG=1",
					"$(inherited)",
				);
				GCC_WARN_64_TO_32_BIT_CONVERSION = YES;
				GCC_WARN_ABOUT_RETURN_TYPE = YES_ERROR;
				GCC_WARN_UNDECLARED_SELECTOR = YES;
				GCC_WARN_UNINITIALIZED_AUTOS = YES_AGGRESSIVE;
				GCC_WARN_UNUSED_FUNCTION = YES;
				GCC_WARN_UNUSED_VARIABLE = YES;
				IPHONEOS_DEPLOYMENT_TARGET = 13.2;
				MTL_ENABLE_DEBUG_INFO = INCLUDE_SOURCE;
				MTL_FAST_MATH = YES;
				ONLY_ACTIVE_ARCH = YES;
				SDKROOT = iphoneos;
			};
			name = Debug;
		};
		4C66754225C0740000B68C0C /* Release */ = {
			isa = XCBuildConfiguration;
			buildSettings = {
				ALWAYS_SEARCH_USER_PATHS = NO;
				CLANG_ANALYZER_NONNULL = YES;
				CLANG_ANALYZER_NUMBER_OBJECT_CONVERSION = YES_AGGRESSIVE;
				CLANG_CXX_LANGUAGE_STANDARD = "gnu++14";
				CLANG_CXX_LIBRARY = "libc++";
				CLANG_ENABLE_MODULES = YES;
				CLANG_ENABLE_OBJC_ARC = YES;
				CLANG_ENABLE_OBJC_WEAK = YES;
				CLANG_WARN_BLOCK_CAPTURE_AUTORELEASING = YES;
				CLANG_WARN_BOOL_CONVERSION = YES;
				CLANG_WARN_COMMA = YES;
				CLANG_WARN_CONSTANT_CONVERSION = YES;
				CLANG_WARN_DEPRECATED_OBJC_IMPLEMENTATIONS = YES;
				CLANG_WARN_DIRECT_OBJC_ISA_USAGE = YES_ERROR;
				CLANG_WARN_DOCUMENTATION_COMMENTS = YES;
				CLANG_WARN_EMPTY_BODY = YES;
				CLANG_WARN_ENUM_CONVERSION = YES;
				CLANG_WARN_INFINITE_RECURSION = YES;
				CLANG_WARN_INT_CONVERSION = YES;
				CLANG_WARN_NON_LITERAL_NULL_CONVERSION = YES;
				CLANG_WARN_OBJC_IMPLICIT_RETAIN_SELF = YES;
				CLANG_WARN_OBJC_LITERAL_CONVERSION = YES;
				CLANG_WARN_OBJC_ROOT_CLASS = YES_ERROR;
				CLANG_WARN_RANGE_LOOP_ANALYSIS = YES;
				CLANG_WARN_STRICT_PROTOTYPES = YES;
				CLANG_WARN_SUSPICIOUS_MOVE = YES;
				CLANG_WARN_UNGUARDED_AVAILABILITY = YES_AGGRESSIVE;
				CLANG_WARN_UNREACHABLE_CODE = YES;
				CLANG_WARN__DUPLICATE_METHOD_MATCH = YES;
				COPY_PHASE_STRIP = NO;
				DEBUG_INFORMATION_FORMAT = "dwarf-with-dsym";
				ENABLE_NS_ASSERTIONS = NO;
				ENABLE_STRICT_OBJC_MSGSEND = YES;
				GCC_C_LANGUAGE_STANDARD = gnu11;
				GCC_NO_COMMON_BLOCKS = YES;
				GCC_WARN_64_TO_32_BIT_CONVERSION = YES;
				GCC_WARN_ABOUT_RETURN_TYPE = YES_ERROR;
				GCC_WARN_UNDECLARED_SELECTOR = YES;
				GCC_WARN_UNINITIALIZED_AUTOS = YES_AGGRESSIVE;
				GCC_WARN_UNUSED_FUNCTION = YES;
				GCC_WARN_UNUSED_VARIABLE = YES;
				IPHONEOS_DEPLOYMENT_TARGET = 13.2;
				MTL_ENABLE_DEBUG_INFO = NO;
				MTL_FAST_MATH = YES;
				SDKROOT = iphoneos;
				VALIDATE_PRODUCT = YES;
			};
			name = Release;
		};
		4C66754425C0740000B68C0C /* Debug */ = {
			isa = XCBuildConfiguration;
			buildSettings = {
				ASSETCATALOG_COMPILER_APPICON_NAME = AppIcon;
				CODE_SIGN_STYLE = Automatic;
				HEADER_SEARCH_PATHS = /usr/include/libxml2;
				INFOPLIST_FILE = SourCloud/Info.plist;
				IPHONEOS_DEPLOYMENT_TARGET = 11.0;
				LD_RUNPATH_SEARCH_PATHS = (
					"$(inherited)",
					"@executable_path/Frameworks",
				);
				PRODUCT_BUNDLE_IDENTIFIER = barry.SourCloud;
				PRODUCT_NAME = "$(TARGET_NAME)";
				TARGETED_DEVICE_FAMILY = "1,2";
			};
			name = Debug;
		};
		4C66754525C0740000B68C0C /* Release */ = {
			isa = XCBuildConfiguration;
			buildSettings = {
				ASSETCATALOG_COMPILER_APPICON_NAME = AppIcon;
				CODE_SIGN_STYLE = Automatic;
				HEADER_SEARCH_PATHS = /usr/include/libxml2;
				INFOPLIST_FILE = SourCloud/Info.plist;
				IPHONEOS_DEPLOYMENT_TARGET = 11.0;
				LD_RUNPATH_SEARCH_PATHS = (
					"$(inherited)",
					"@executable_path/Frameworks",
				);
				PRODUCT_BUNDLE_IDENTIFIER = barry.SourCloud;
				PRODUCT_NAME = "$(TARGET_NAME)";
				TARGETED_DEVICE_FAMILY = "1,2";
			};
			name = Release;
		};
/* End XCBuildConfiguration section */

/* Begin XCConfigurationList section */
		4C66752525C073FE00B68C0C /* Build configuration list for PBXProject "SourCloud" */ = {
			isa = XCConfigurationList;
			buildConfigurations = (
				4C66754125C0740000B68C0C /* Debug */,
				4C66754225C0740000B68C0C /* Release */,
			);
			defaultConfigurationIsVisible = 0;
			defaultConfigurationName = Release;
		};
		4C66754325C0740000B68C0C /* Build configuration list for PBXNativeTarget "SourCloud" */ = {
			isa = XCConfigurationList;
			buildConfigurations = (
				4C66754425C0740000B68C0C /* Debug */,
				4C66754525C0740000B68C0C /* Release */,
			);
			defaultConfigurationIsVisible = 0;
			defaultConfigurationName = Release;
		};
/* End XCConfigurationList section */
	};
	rootObject = 4C66752225C073FE00B68C0C /* Project object */;
}
